{
  "nodes": {
    "easy-hls-src": {
      "inputs": {
        "nixpkgs": "nixpkgs"
      },
      "locked": {
        "lastModified": 1637250802,
        "narHash": "sha256-/crlHEVB148PGQLZCsHOR9L5qgvCAfRSocIoKgmMAhA=",
        "owner": "jkachmar",
        "repo": "easy-hls-nix",
        "rev": "7c123399ef8a67dc0e505d9cf7f2c7f64f1cd847",
        "type": "github"
      },
      "original": {
        "owner": "jkachmar",
        "repo": "easy-hls-nix",
        "type": "github"
      }
    },
    "flake-utils": {
      "locked": {
        "lastModified": 1642700792,
        "narHash": "sha256-XqHrk7hFb+zBvRg6Ghl+AZDq03ov6OshJLiSWOoX5es=",
        "owner": "numtide",
        "repo": "flake-utils",
        "rev": "846b2ae0fc4cc943637d3d1def4454213e203cba",
        "type": "github"
      },
      "original": {
        "owner": "numtide",
        "repo": "flake-utils",
        "type": "github"
      }
    },
    "nixpkgs": {
      "locked": {
        "lastModified": 1615055905,
        "narHash": "sha256-Ig7CXgE5C3mwtTVBl8nSTessa1oMAm6Pm/p+T6iAJD8=",
        "owner": "nixos",
        "repo": "nixpkgs",
        "rev": "f3fc074642a25ef5a1423412f09946149237e338",
        "type": "github"
      },
      "original": {
        "owner": "nixos",
        "repo": "nixpkgs",
        "type": "github"
      }
    },
    "nixpkgs_2": {
      "locked": {
        "lastModified": 1643367698,
        "narHash": "sha256-hNbw3vFAJYYYoIou38NB66oYb/sVPSoi6qhwDZPGGv4=",
        "owner": "NixOS",
        "repo": "nixpkgs",
        "rev": "c7655fa3087cec120b13425f3e16bf378065fd8c",
        "type": "github"
      },
      "original": {
        "owner": "NixOS",
        "repo": "nixpkgs",
        "rev": "c7655fa3087cec120b13425f3e16bf378065fd8c",
        "type": "github"
      }
    },
    "root": {
      "inputs": {
        "easy-hls-src": "easy-hls-src",
        "flake-utils": "flake-utils",
        "nixpkgs": "nixpkgs_2"
      }
    }
  },
  "root": "root",
  "version": 7
}
